version: 1.0
shards:
  baked_file_system:
    github: schovi/baked_file_system
    version: 0.9.2

  kemal:
    github: kemalcr/kemal
    version: 0.18.0

  kemal-session:
    github: kemalcr/kemal-session
    commit: 622dee645acff2b03a90754971bf9713d3495b3d

  kilt:
    github: jeromegn/kilt
    version: 0.3.3

  lattice-core:
    github: jasonl99/lattice-core
    commit: 004fa0c4ca441af538205bf859dcf1b1b7546912

  multipart:
    github: RX14/multipart.cr
    version: 0.1.2

  radix:
    github: luislavena/radix
    version: 0.3.7

  slang:
    github: jeromegn/slang
    commit: 6f8c5b226758faf73575d02b67a8010f8e10a0ab

